
Microsoft Visual Studio Solution File, Format Version 12.00
# Visual Studio Version 16
VisualStudioVersion = 16.0.30114.105
MinimumVisualStudioVersion = 10.0.40219.1
Project("{FAE04EC0-301F-11D3-BF4B-00C04F79EFBC}") = "MvcTaskManager", "MvcTaskManager\MvcTaskManager.csproj", "{F9626E08-2ECB-47C3-A45E-29F16C5C5DBB}"
EndProject
Global
	GlobalSection(SolutionConfigurationPlatforms) = preSolution
		Debug|Any CPU = Debug|Any CPU
		Release|Any CPU = Release|Any CPU
	EndGlobalSection
	GlobalSection(ProjectConfigurationPlatforms) = postSolution
		{F9626E08-2ECB-47C3-A45E-29F16C5C5DBB}.Debug|Any CPU.ActiveCfg = Debug|Any CPU
		{F9626E08-2ECB-47C3-A45E-29F16C5C5DBB}.Debug|Any CPU.Build.0 = Debug|Any CPU
		{F9626E08-2ECB-47C3-A45E-29F16C5C5DBB}.Release|Any CPU.ActiveCfg = Release|Any CPU
		{F9626E08-2ECB-47C3-A45E-29F16C5C5DBB}.Release|Any CPU.Build.0 = Release|Any CPU
	EndGlobalSection
	GlobalSection(SolutionProperties) = preSolution
		HideSolutionNode = FALSE
	EndGlobalSection
	GlobalSection(ExtensibilityGlobals) = postSolution
		SolutionGuid = {F39F9230-E1DE-47FC-A326-C751954FC9E5}
	EndGlobalSection
EndGlobal
